// !$*UTF8*$!
{
	archiveVersion = 1;
	classes = {
	};
	objectVersion = 77;
	objects = {

/* Begin PBXBuildFile section */
		033BF77802FE8AAAEA132414 /* MediFlowAppleShared in Frameworks */ = {isa = PBXBuildFile; productRef = 72EEC18E3E55264AEE14AA58 /* MediFlowAppleShared */; };
		8758DDAC87384F01D87446FD /* MediFlowMobileShellApp.swift in Sources */ = {isa = PBXBuildFile; fileRef = 121D53CD238781DE1F4D7312 /* MediFlowMobileShellApp.swift */; };
/* End PBXBuildFile section */

/* Begin PBXFileReference section */
		121D53CD238781DE1F4D7312 /* MediFlowMobileShellApp.swift */ = {isa = PBXFileReference; lastKnownFileType = sourcecode.swift; path = MediFlowMobileShellApp.swift; sourceTree = "<group>"; };
		38F33DF3264115BC2F7E0EF8 /* MediFlowMac */ = {isa = PBXFileReference; lastKnownFileType = folder; name = MediFlowMac; path = ../MediFlowMac; sourceTree = SOURCE_ROOT; };
		4D79840B7DA781EA15CC8B29 /* MediFlowMobileApp.app */ = {isa = PBXFileReference; includeInIndex = 0; lastKnownFileType = wrapper.application; path = MediFlowMobileApp.app; sourceTree = BUILT_PRODUCTS_DIR; };
/* End PBXFileReference section */

/* Begin PBXFrameworksBuildPhase section */
		F573DB983B2DFA7AA15E6254 /* Frameworks */ = {
			isa = PBXFrameworksBuildPhase;
			buildActionMask = 2147483647;
			files = (
				033BF77802FE8AAAEA132414 /* MediFlowAppleShared in Frameworks */,
			);
			runOnlyForDeploymentPostprocessing = 0;
		};
/* End PBXFrameworksBuildPhase section */

/* Begin PBXGroup section */
		31FF6AFA15BA9C1D359647A4 /* MediFlowMobileApp */ = {
			isa = PBXGroup;
			children = (
				121D53CD238781DE1F4D7312 /* MediFlowMobileShellApp.swift */,
			);
			path = MediFlowMobileApp;
			sourceTree = "<group>";
		};
		55514A97E795B9B17E4F6365 /* Products */ = {
			isa = PBXGroup;
			children = (
				4D79840B7DA781EA15CC8B29 /* MediFlowMobileApp.app */,
			);
			name = Products;
			sourceTree = "<group>";
		};
		5A05211757BEAF9A94ADA098 /* Packages */ = {
			isa = PBXGroup;
			children = (
				38F33DF3264115BC2F7E0EF8 /* MediFlowMac */,
			);
			name = Packages;
			sourceTree = "<group>";
		};
		5E9767E8B57B850D9467B739 /* Sources */ = {
			isa = PBXGroup;
			children = (
				31FF6AFA15BA9C1D359647A4 /* MediFlowMobileApp */,
			);
			path = Sources;
			sourceTree = "<group>";
		};
		A6E2FDE47D1D4C9EB95044C3 = {
			isa = PBXGroup;
			children = (
				5A05211757BEAF9A94ADA098 /* Packages */,
				5E9767E8B57B850D9467B739 /* Sources */,
				55514A97E795B9B17E4F6365 /* Products */,
			);
			sourceTree = "<group>";
		};
/* End PBXGroup section */

/* Begin PBXNativeTarget section */
		83356432730EE4403A18FB8C /* MediFlowMobileApp */ = {
			isa = PBXNativeTarget;
			buildConfigurationList = AC3C71FED164CFB09CB99582 /* Build configuration list for PBXNativeTarget "MediFlowMobileApp" */;
			buildPhases = (
				BAC69452E54D0AEAB93262BC /* Sources */,
				F573DB983B2DFA7AA15E6254 /* Frameworks */,
			);
			buildRules = (
			);
			dependencies = (
			);
			name = MediFlowMobileApp;
			packageProductDependencies = (
				72EEC18E3E55264AEE14AA58 /* MediFlowAppleShared */,
			);
			productName = MediFlowMobileApp;
			productReference = 4D79840B7DA781EA15CC8B29 /* MediFlowMobileApp.app */;
			productType = "com.apple.product-type.application";
		};
/* End PBXNativeTarget section */

/* Begin PBXProject section */
		ABC42E434EA229852CD6DB27 /* Project object */ = {
			isa = PBXProject;
			attributes = {
				BuildIndependentTargetsInParallel = YES;
				LastUpgradeCheck = 1430;
				TargetAttributes = {
				};
			};
			buildConfigurationList = 1722212F639393FD73B0D682 /* Build configuration list for PBXProject "MediFlowAppleApp" */;
			developmentRegion = en;
			hasScannedForEncodings = 0;
			knownRegions = (
				Base,
				en,
			);
			mainGroup = A6E2FDE47D1D4C9EB95044C3;
			minimizedProjectReferenceProxies = 1;
			packageReferences = (
				BEB5CB6444519D39B58A8B31 /* XCLocalSwiftPackageReference "../MediFlowMac" */,
			);
			preferredProjectObjectVersion = 77;
			productRefGroup = 55514A97E795B9B17E4F6365 /* Products */;
			projectDirPath = "";
			projectRoot = "";
			targets = (
				83356432730EE4403A18FB8C /* MediFlowMobileApp */,
			);
		};
/* End PBXProject section */

/* Begin PBXSourcesBuildPhase section */
		BAC69452E54D0AEAB93262BC /* Sources */ = {
			isa = PBXSourcesBuildPhase;
			buildActionMask = 2147483647;
			files = (
				8758DDAC87384F01D87446FD /* MediFlowMobileShellApp.swift in Sources */,
			);
			runOnlyForDeploymentPostprocessing = 0;
		};
/* End PBXSourcesBuildPhase section */

/* Begin XCBuildConfiguration section */
		9EAA569E2C8EA340EF5F8E45 /* Debug */ = {
			isa = XCBuildConfiguration;
			buildSettings = {
				ASSETCATALOG_COMPILER_APPICON_NAME = AppIcon;
				CODE_SIGN_IDENTITY = "iPhone Developer";
				CURRENT_PROJECT_VERSION = 1;
				GENERATE_INFOPLIST_FILE = YES;
				INFOPLIST_KEY_CFBundleDisplayName = MediFlow;
				INFOPLIST_KEY_LSApplicationCategoryType = "public.app-category.medical";
				INFOPLIST_KEY_UIApplicationSupportsIndirectInputEvents = YES;
				IPHONEOS_DEPLOYMENT_TARGET = 17.0;
				LD_RUNPATH_SEARCH_PATHS = (
					"$(inherited)",
					"@executable_path/Frameworks",
				);
				MARKETING_VERSION = 0.1.0;
				PRODUCT_BUNDLE_IDENTIFIER = com.mediflow.mobile;
				PRODUCT_NAME = MediFlow;
				SDKROOT = iphoneos;
				SUPPORTS_MACCATALYST = NO;
				TARGETED_DEVICE_FAMILY = "1,2";
			};
			name = Debug;
		};
		A9FFBE823CC344E52FB6FC25 /* Release */ = {
			isa = XCBuildConfiguration;
			buildSettings = {
				ASSETCATALOG_COMPILER_APPICON_NAME = AppIcon;
				CODE_SIGN_IDENTITY = "iPhone Developer";
				CURRENT_PROJECT_VERSION = 1;
				GENERATE_INFOPLIST_FILE = YES;
				INFOPLIST_KEY_CFBundleDisplayName = MediFlow;
				INFOPLIST_KEY_LSApplicationCategoryType = "public.app-category.medical";
				INFOPLIST_KEY_UIApplicationSupportsIndirectInputEvents = YES;
				IPHONEOS_DEPLOYMENT_TARGET = 17.0;
				LD_RUNPATH_SEARCH_PATHS = (
					"$(inherited)",
					"@executable_path/Frameworks",
				);
				MARKETING_VERSION = 0.1.0;
				PRODUCT_BUNDLE_IDENTIFIER = com.mediflow.mobile;
				PRODUCT_NAME = MediFlow;
				SDKROOT = iphoneos;
				SUPPORTS_MACCATALYST = NO;
				TARGETED_DEVICE_FAMILY = "1,2";
			};
			name = Release;
		};
		B5800B86032CB3593BD55D9F /* Debug */ = {
			isa = XCBuildConfiguration;
			buildSettings = {
				ALWAYS_SEARCH_USER_PATHS = NO;
				CLANG_ANALYZER_NONNULL = YES;
				CLANG_ANALYZER_NUMBER_OBJECT_CONVERSION = YES_AGGRESSIVE;
				CLANG_CXX_LANGUAGE_STANDARD = "gnu++14";
				CLANG_CXX_LIBRARY = "libc++";
				CLANG_ENABLE_MODULES = YES;
				CLANG_ENABLE_OBJC_ARC = YES;
				CLANG_ENABLE_OBJC_WEAK = YES;
				CLANG_WARN_BLOCK_CAPTURE_AUTORELEASING = YES;
				CLANG_WARN_BOOL_CONVERSION = YES;
				CLANG_WARN_COMMA = YES;
				CLANG_WARN_CONSTANT_CONVERSION = YES;
				CLANG_WARN_DEPRECATED_OBJC_IMPLEMENTATIONS = YES;
				CLANG_WARN_DIRECT_OBJC_ISA_USAGE = YES_ERROR;
				CLANG_WARN_DOCUMENTATION_COMMENTS = YES;
				CLANG_WARN_EMPTY_BODY = YES;
				CLANG_WARN_ENUM_CONVERSION = YES;
				CLANG_WARN_INFINITE_RECURSION = YES;
				CLANG_WARN_INT_CONVERSION = YES;
				CLANG_WARN_NON_LITERAL_NULL_CONVERSION = YES;
				CLANG_WARN_OBJC_IMPLICIT_RETAIN_SELF = YES;
				CLANG_WARN_OBJC_LITERAL_CONVERSION = YES;
				CLANG_WARN_OBJC_ROOT_CLASS = YES_ERROR;
				CLANG_WARN_QUOTED_INCLUDE_IN_FRAMEWORK_HEADER = YES;
				CLANG_WARN_RANGE_LOOP_ANALYSIS = YES;
				CLANG_WARN_STRICT_PROTOTYPES = YES;
				CLANG_WARN_SUSPICIOUS_MOVE = YES;
				CLANG_WARN_UNGUARDED_AVAILABILITY = YES_AGGRESSIVE;
				CLANG_WARN_UNREACHABLE_CODE = YES;
				CLANG_WARN__DUPLICATE_METHOD_MATCH = YES;
				COPY_PHASE_STRIP = NO;
				DEBUG_INFORMATION_FORMAT = dwarf;
				ENABLE_STRICT_OBJC_MSGSEND = YES;
				ENABLE_TESTABILITY = YES;
				GCC_C_LANGUAGE_STANDARD = gnu11;
				GCC_DYNAMIC_NO_PIC = NO;
				GCC_NO_COMMON_BLOCKS = YES;
				GCC_OPTIMIZATION_LEVEL = 0;
				GCC_PREPROCESSOR_DEFINITIONS = (
					"$(inherited)",
					"DEBUG=1",
				);
				GCC_WARN_64_TO_32_BIT_CONVERSION = YES;
				GCC_WARN_ABOUT_RETURN_TYPE = YES_ERROR;
				GCC_WARN_UNDECLARED_SELECTOR = YES;
				GCC_WARN_UNINITIALIZED_AUTOS = YES_AGGRESSIVE;
				GCC_WARN_UNUSED_FUNCTION = YES;
				GCC_WARN_UNUSED_VARIABLE = YES;
				MTL_ENABLE_DEBUG_INFO = INCLUDE_SOURCE;
				MTL_FAST_MATH = YES;
				ONLY_ACTIVE_ARCH = YES;
				PRODUCT_NAME = "$(TARGET_NAME)";
				SDKROOT = iphoneos;
				SWIFT_ACTIVE_COMPILATION_CONDITIONS = DEBUG;
				SWIFT_OPTIMIZATION_LEVEL = "-Onone";
				SWIFT_VERSION = 5.9;
			};
			name = Debug;
		};
		FD5D4CA83D3F040F048CA3F3 /* Release */ = {
			isa = XCBuildConfiguration;
			buildSettings = {
				ALWAYS_SEARCH_USER_PATHS = NO;
				CLANG_ANALYZER_NONNULL = YES;
				CLANG_ANALYZER_NUMBER_OBJECT_CONVERSION = YES_AGGRESSIVE;
				CLANG_CXX_LANGUAGE_STANDARD = "gnu++14";
				CLANG_CXX_LIBRARY = "libc++";
				CLANG_ENABLE_MODULES = YES;
				CLANG_ENABLE_OBJC_ARC = YES;
				CLANG_ENABLE_OBJC_WEAK = YES;
				CLANG_WARN_BLOCK_CAPTURE_AUTORELEASING = YES;
				CLANG_WARN_BOOL_CONVERSION = YES;
				CLANG_WARN_COMMA = YES;
				CLANG_WARN_CONSTANT_CONVERSION = YES;
				CLANG_WARN_DEPRECATED_OBJC_IMPLEMENTATIONS = YES;
				CLANG_WARN_DIRECT_OBJC_ISA_USAGE = YES_ERROR;
				CLANG_WARN_DOCUMENTATION_COMMENTS = YES;
				CLANG_WARN_EMPTY_BODY = YES;
				CLANG_WARN_ENUM_CONVERSION = YES;
				CLANG_WARN_INFINITE_RECURSION = YES;
				CLANG_WARN_INT_CONVERSION = YES;
				CLANG_WARN_NON_LITERAL_NULL_CONVERSION = YES;
				CLANG_WARN_OBJC_IMPLICIT_RETAIN_SELF = YES;
				CLANG_WARN_OBJC_LITERAL_CONVERSION = YES;
				CLANG_WARN_OBJC_ROOT_CLASS = YES_ERROR;
				CLANG_WARN_QUOTED_INCLUDE_IN_FRAMEWORK_HEADER = YES;
				CLANG_WARN_RANGE_LOOP_ANALYSIS = YES;
				CLANG_WARN_STRICT_PROTOTYPES = YES;
				CLANG_WARN_SUSPICIOUS_MOVE = YES;
				CLANG_WARN_UNGUARDED_AVAILABILITY = YES_AGGRESSIVE;
				CLANG_WARN_UNREACHABLE_CODE = YES;
				CLANG_WARN__DUPLICATE_METHOD_MATCH = YES;
				COPY_PHASE_STRIP = NO;
				DEBUG_INFORMATION_FORMAT = "dwarf-with-dsym";
				ENABLE_NS_ASSERTIONS = NO;
				ENABLE_STRICT_OBJC_MSGSEND = YES;
				GCC_C_LANGUAGE_STANDARD = gnu11;
				GCC_NO_COMMON_BLOCKS = YES;
				GCC_WARN_64_TO_32_BIT_CONVERSION = YES;
				GCC_WARN_ABOUT_RETURN_TYPE = YES_ERROR;
				GCC_WARN_UNDECLARED_SELECTOR = YES;
				GCC_WARN_UNINITIALIZED_AUTOS = YES_AGGRESSIVE;
				GCC_WARN_UNUSED_FUNCTION = YES;
				GCC_WARN_UNUSED_VARIABLE = YES;
				MTL_ENABLE_DEBUG_INFO = NO;
				MTL_FAST_MATH = YES;
				PRODUCT_NAME = "$(TARGET_NAME)";
				SDKROOT = iphoneos;
				SWIFT_COMPILATION_MODE = wholemodule;
				SWIFT_OPTIMIZATION_LEVEL = "-O";
				SWIFT_VERSION = 5.9;
			};
			name = Release;
		};
/* End XCBuildConfiguration section */

/* Begin XCConfigurationList section */
		1722212F639393FD73B0D682 /* Build configuration list for PBXProject "MediFlowAppleApp" */ = {
			isa = XCConfigurationList;
			buildConfigurations = (
				B5800B86032CB3593BD55D9F /* Debug */,
				FD5D4CA83D3F040F048CA3F3 /* Release */,
			);
			defaultConfigurationIsVisible = 0;
			defaultConfigurationName = Debug;
		};
		AC3C71FED164CFB09CB99582 /* Build configuration list for PBXNativeTarget "MediFlowMobileApp" */ = {
			isa = XCConfigurationList;
			buildConfigurations = (
				9EAA569E2C8EA340EF5F8E45 /* Debug */,
				A9FFBE823CC344E52FB6FC25 /* Release */,
			);
			defaultConfigurationIsVisible = 0;
			defaultConfigurationName = Debug;
		};
/* End XCConfigurationList section */

/* Begin XCLocalSwiftPackageReference section */
		BEB5CB6444519D39B58A8B31 /* XCLocalSwiftPackageReference "../MediFlowMac" */ = {
			isa = XCLocalSwiftPackageReference;
			relativePath = ../MediFlowMac;
		};
/* End XCLocalSwiftPackageReference section */

/* Begin XCSwiftPackageProductDependency section */
		72EEC18E3E55264AEE14AA58 /* MediFlowAppleShared */ = {
			isa = XCSwiftPackageProductDependency;
			productName = MediFlowAppleShared;
		};
/* End XCSwiftPackageProductDependency section */
	};
	rootObject = ABC42E434EA229852CD6DB27 /* Project object */;
}
